
Microsoft Visual Studio Solution File, Format Version 12.00
# Visual Studio Version 16
VisualStudioVersion = 25.0.1704.4
MinimumVisualStudioVersion = 10.0.40219.1
Project("{FAE04EC0-301F-11D3-BF4B-00C04F79EFBC}") = "task", "task\task.csproj", "{EA49A986-D365-432A-872A-CBE0DC07288C}"
EndProject
Global
	GlobalSection(SolutionConfigurationPlatforms) = preSolution
		Debug|Any CPU = Debug|Any CPU
		Release|Any CPU = Release|Any CPU
	EndGlobalSection
	GlobalSection(ProjectConfigurationPlatforms) = postSolution
		{EA49A986-D365-432A-872A-CBE0DC07288C}.Debug|Any CPU.ActiveCfg = Debug|Any CPU
		{EA49A986-D365-432A-872A-CBE0DC07288C}.Debug|Any CPU.Build.0 = Debug|Any CPU
		{EA49A986-D365-432A-872A-CBE0DC07288C}.Release|Any CPU.ActiveCfg = Release|Any CPU
		{EA49A986-D365-432A-872A-CBE0DC07288C}.Release|Any CPU.Build.0 = Release|Any CPU
	EndGlobalSection
	GlobalSection(SolutionProperties) = preSolution
		HideSolutionNode = FALSE
	EndGlobalSection
	GlobalSection(ExtensibilityGlobals) = postSolution
		SolutionGuid = {FECEBFFF-D7FF-4A68-A2B6-3A7181AF8CE5}
	EndGlobalSection
EndGlobal
